<?xml version="1.0" encoding="utf-8"?>
<Project ToolsVersion="4.0" xmlns="http://schemas.microsoft.com/developer/msbuild/2003">
  <ItemGroup>
    <Filter Include="msvc">
      <UniqueIdentifier>{93995380-89BD-4b04-88EB-625FBE52EBFB}</UniqueIdentifier>
      <Extensions>h;hh;hpp;hxx;hm;inl;inc;ipp;xsd</Extensions>
    </Filter>
    <Filter Include="engine">
      <UniqueIdentifier>{67DA6AB6-F800-4c08-8B7A-83BB121AAD01}</UniqueIdentifier>
      <Extensions>rc;ico;cur;bmp;dlg;rc2;rct;bin;rgs;gif;jpg;jpeg;jpe;resx;tiff;tif;png;wav;mfcribbon-ms</Extensions>
    </Filter>
    <Filter Include="engine\control">
      <UniqueIdentifier>{ebce02a3-0f27-4fac-b022-40256211dab3}</UniqueIdentifier>
    </Filter>
    <Filter Include="engine\layout">
      <UniqueIdentifier>{8fbb5c46-5b3d-4e32-8721-3ad9e25bdfa0}</UniqueIdentifier>
    </Filter>
    <Filter Include="design">
      <UniqueIdentifier>{4FC737F1-C7A5-4376-A066-2A32D752A2FF}</UniqueIdentifier>
      <Extensions>cpp;c;cc;cxx;def;odl;idl;hpj;bat;asm;asmx</Extensions>
    </Filter>
  </ItemGroup>
  <ItemGroup>
    <ClInclude Include="stdafx.h">
      <Filter>msvc</Filter>
    </ClInclude>
    <ClInclude Include="targetver.h">
      <Filter>msvc</Filter>
    </ClInclude>
  </ItemGroup>
  <ItemGroup>
    <ClCompile Include="dllmain.cpp">
      <Filter>msvc</Filter>
    </ClCompile>
    <ClCompile Include="stdafx.cpp">
      <Filter>msvc</Filter>
    </ClCompile>
    <ClCompile Include="ui.cpp" />
  </ItemGroup>
</Project>